{
  "name": "builders",
  "lockfileVersion": 3,
  "requires": true,
  "packages": {
    "": {
      "license": "UNLICENSED",
      "dependencies": {
        "@vercel/build-utils": "^8.2.2",
        "vercel-php": "^0.3.5"
      }
    },
    "node_modules/@libphp/amazon-linux-2-v74": {
      "version": "0.0.18",
      "resolved": "https://registry.npmjs.org/@libphp/amazon-linux-2-v74/-/amazon-linux-2-v74-0.0.18.tgz",
      "integrity": "sha512-PL2iPs6lSvjP7sozRMAtq6mvAHFdNXcCjwrt5IdIiFBzV9fHAt/aalVHhW3jkE1Nx8cxEekXji1kkcCtd0JpYA=="
    },
    "node_modules/@vercel/build-utils": {
      "version": "8.2.2",
      "resolved": "https://registry.npmjs.org/@vercel/build-utils/-/build-utils-8.2.2.tgz",
      "integrity": "sha512-+Nf/Yk3GeMI47L/g5KYEvsj7yqVkhb6vZqjxavUBRVPSsgJ7fuNVfYvvpFj/Y0BYysEF8XNUxKFuwGROiop/ow=="
    },
    "node_modules/vercel-php": {
      "version": "0.3.5",
      "resolved": "https://registry.npmjs.org/vercel-php/-/vercel-php-0.3.5.tgz",
      "integrity": "sha512-gHY7z164OrTc73DekhMpdCIoEy661zzHgCxfBJX+eeny///FNTpIiggMRrQHAKIVMs9+yo5jVattwP5zeVblVA==",
      "dependencies": {
        "@libphp/amazon-linux-2-v74": "latest"
      }
    }
  }
}
